
Microsoft Visual Studio Solution File, Format Version 12.00
# Visual Studio Version 17
VisualStudioVersion = 17.6.33829.357
MinimumVisualStudioVersion = 10.0.40219.1
Project("{FAE04EC0-301F-11D3-BF4B-00C04F79EFBC}") = "OOPKapsulleme", "OOPKapsulleme\OOPKapsulleme.csproj", "{77292CA9-F849-4589-AA59-DF95C969B6AE}"
EndProject
Global
	GlobalSection(SolutionConfigurationPlatforms) = preSolution
		Debug|Any CPU = Debug|Any CPU
		Release|Any CPU = Release|Any CPU
	EndGlobalSection
	GlobalSection(ProjectConfigurationPlatforms) = postSolution
		{77292CA9-F849-4589-AA59-DF95C969B6AE}.Debug|Any CPU.ActiveCfg = Debug|Any CPU
		{77292CA9-F849-4589-AA59-DF95C969B6AE}.Debug|Any CPU.Build.0 = Debug|Any CPU
		{77292CA9-F849-4589-AA59-DF95C969B6AE}.Release|Any CPU.ActiveCfg = Release|Any CPU
		{77292CA9-F849-4589-AA59-DF95C969B6AE}.Release|Any CPU.Build.0 = Release|Any CPU
	EndGlobalSection
	GlobalSection(SolutionProperties) = preSolution
		HideSolutionNode = FALSE
	EndGlobalSection
	GlobalSection(ExtensibilityGlobals) = postSolution
		SolutionGuid = {210E0383-E801-4721-B8E8-21736159D391}
	EndGlobalSection
EndGlobal
